{
  "version": 4,
  "terraform_version": "1.13.3",
  "serial": 7,
  "lineage": "ca9b2570-7377-c804-ac1e-0497564c4a42",
  "outputs": {
    "container_app_environment_id": {
      "value": "/subscriptions/c7e7612d-69f5-47e2-9ddc-00e5096a1247/resourceGroups/mcp-app-dev-rg/providers/Microsoft.App/managedEnvironments/mcp-app-dev-cae",
      "type": "string"
    },
    "container_app_fqdn": {
      "value": "mcp-app-dev-ca.agreeablesand-b6bf010f.westus.azurecontainerapps.io",
      "type": "string"
    },
    "container_app_id": {
      "value": "/subscriptions/c7e7612d-69f5-47e2-9ddc-00e5096a1247/resourceGroups/mcp-app-dev-rg/providers/Microsoft.App/containerApps/mcp-app-dev-ca",
      "type": "string"
    },
    "container_app_outbound_ips": {
      "value": [
        "20.245.182.137"
      ],
      "type": [
        "list",
        "string"
      ]
    },
    "container_app_port": {
      "value": 8080,
      "type": "number"
    },
    "container_app_url": {
      "value": "https://mcp-app-dev-ca.agreeablesand-b6bf010f.westus.azurecontainerapps.io",
      "type": "string"
    },
    "container_registry_generated_name": {
      "value": "mcpappdevacr",
      "type": "string"
    },
    "container_registry_login_server": {
      "value": "mcpappdevacr.azurecr.io",
      "type": "string"
    },
    "container_registry_name": {
      "value": "mcpappdevacr",
      "type": "string"
    },
    "environment_variables_count": {
      "value": 1,
      "type": "number"
    },
    "latest_revision_name": {
      "value": "mcp-app-dev-ca--hdjvm3z",
      "type": "string"
    },
    "log_analytics_workspace_id": {
      "value": "/subscriptions/c7e7612d-69f5-47e2-9ddc-00e5096a1247/resourceGroups/mcp-app-dev-rg/providers/Microsoft.OperationalInsights/workspaces/mcp-app-dev-law",
      "type": "string"
    },
    "resource_group_id": {
      "value": "/subscriptions/c7e7612d-69f5-47e2-9ddc-00e5096a1247/resourceGroups/mcp-app-dev-rg",
      "type": "string"
    },
    "resource_group_name": {
      "value": "mcp-app-dev-rg",
      "type": "string"
    }
  },
  "resources": [
    {
      "mode": "data",
      "type": "azurerm_client_config",
      "name": "current",
      "provider": "provider[\"registry.terraform.io/hashicorp/azurerm\"]",
      "instances": [
        {
          "schema_version": 0,
          "attributes": {
            "client_id": "04b07795-8ddb-461a-bbee-02f9e1bf7b46",
            "id": "Y2xpZW50Q29uZmlncy9jbGllbnRJZD0wNGIwNzc5NS04ZGRiLTQ2MWEtYmJlZS0wMmY5ZTFiZjdiNDY7b2JqZWN0SWQ9ODZlMmZjMjMtYmNjZC00NWY5LTg2ZWYtY2U2ZTU0YmMwNTg0O3N1YnNjcmlwdGlvbklkPWM3ZTc2MTJkLTY5ZjUtNDdlMi05ZGRjLTAwZTUwOTZhMTI0Nzt0ZW5hbnRJZD0xNmIzYzAxMy1kMzAwLTQ2OGQtYWM2NC03ZWRhMDgyMGI2ZDM=",
            "object_id": "86e2fc23-bccd-45f9-86ef-ce6e54bc0584",
            "subscription_id": "c7e7612d-69f5-47e2-9ddc-00e5096a1247",
            "tenant_id": "16b3c013-d300-468d-ac64-7eda0820b6d3",
            "timeouts": null
          },
          "sensitive_attributes": [],
          "identity_schema_version": 0
        }
      ]
    },
    {
      "module": "module.container_app_environment",
      "mode": "managed",
      "type": "azurerm_container_app_environment",
      "name": "this",
      "provider": "provider[\"registry.terraform.io/hashicorp/azurerm\"]",
      "instances": [
        {
          "schema_version": 0,
          "attributes": {
            "custom_domain_verification_id": "806B17DE7E998B6C9C50B2D0117DC977CFEA5E38E4586DE07292DA1B62686236",
            "dapr_application_insights_connection_string": "",
            "default_domain": "agreeablesand-b6bf010f.westus.azurecontainerapps.io",
            "docker_bridge_cidr": "",
            "id": "/subscriptions/c7e7612d-69f5-47e2-9ddc-00e5096a1247/resourceGroups/mcp-app-dev-rg/providers/Microsoft.App/managedEnvironments/mcp-app-dev-cae",
            "identity": [],
            "infrastructure_resource_group_name": "",
            "infrastructure_subnet_id": "",
            "internal_load_balancer_enabled": false,
            "location": "westus",
            "log_analytics_workspace_id": "/subscriptions/c7e7612d-69f5-47e2-9ddc-00e5096a1247/resourceGroups/mcp-app-dev-rg/providers/Microsoft.OperationalInsights/workspaces/mcp-app-dev-law",
            "logs_destination": "log-analytics",
            "mutual_tls_enabled": false,
            "name": "mcp-app-dev-cae",
            "platform_reserved_cidr": "",
            "platform_reserved_dns_ip_address": "",
            "public_network_access": "Enabled",
            "resource_group_name": "mcp-app-dev-rg",
            "static_ip_address": "20.184.177.194",
            "tags": {
              "CreatedBy": "github-copilot",
              "Environment": "dev",
              "Location": "westus",
              "ManagedBy": "terraform",
              "Project": "mcp-app",
              "Purpose": "container-app-poc"
            },
            "timeouts": null,
            "workload_profile": [],
            "zone_redundancy_enabled": false
          },
          "sensitive_attributes": [
            [
              {
                "type": "get_attr",
                "value": "dapr_application_insights_connection_string"
              }
            ]
          ],
          "identity_schema_version": 0,
          "private": "eyJlMmJmYjczMC1lY2FhLTExZTYtOGY4OC0zNDM2M2JjN2M0YzAiOnsiY3JlYXRlIjoxODAwMDAwMDAwMDAwLCJkZWxldGUiOjE4MDAwMDAwMDAwMDAsInJlYWQiOjMwMDAwMDAwMDAwMCwidXBkYXRlIjoxODAwMDAwMDAwMDAwfX0=",
          "dependencies": [
            "module.log_analytics_workspace.azurerm_log_analytics_workspace.this",
            "module.resource_group.azurerm_resource_group.this"
          ]
        }
      ]
    },
    {
      "module": "module.container_app_instance",
      "mode": "managed",
      "type": "azurerm_container_app",
      "name": "this",
      "provider": "provider[\"registry.terraform.io/hashicorp/azurerm\"]",
      "instances": [
        {
          "schema_version": 0,
          "attributes": {
            "container_app_environment_id": "/subscriptions/c7e7612d-69f5-47e2-9ddc-00e5096a1247/resourceGroups/mcp-app-dev-rg/providers/Microsoft.App/managedEnvironments/mcp-app-dev-cae",
            "custom_domain_verification_id": "806B17DE7E998B6C9C50B2D0117DC977CFEA5E38E4586DE07292DA1B62686236",
            "dapr": [],
            "id": "/subscriptions/c7e7612d-69f5-47e2-9ddc-00e5096a1247/resourceGroups/mcp-app-dev-rg/providers/Microsoft.App/containerApps/mcp-app-dev-ca",
            "identity": [],
            "ingress": [
              {
                "allow_insecure_connections": false,
                "client_certificate_mode": "",
                "cors": [],
                "custom_domain": [],
                "exposed_port": 0,
                "external_enabled": true,
                "fqdn": "mcp-app-dev-ca.agreeablesand-b6bf010f.westus.azurecontainerapps.io",
                "ip_security_restriction": [],
                "target_port": 8080,
                "traffic_weight": [
                  {
                    "label": "",
                    "latest_revision": true,
                    "percentage": 100,
                    "revision_suffix": ""
                  }
                ],
                "transport": "auto"
              }
            ],
            "latest_revision_fqdn": "mcp-app-dev-ca--hdjvm3z.agreeablesand-b6bf010f.westus.azurecontainerapps.io",
            "latest_revision_name": "mcp-app-dev-ca--hdjvm3z",
            "location": "westus",
            "max_inactive_revisions": 0,
            "name": "mcp-app-dev-ca",
            "outbound_ip_addresses": [
              "20.245.182.137"
            ],
            "registry": [
              {
                "identity": "",
                "password_secret_name": "registry-password",
                "server": "mcpappdevacr.azurecr.io",
                "username": "mcpappdevacr"
              }
            ],
            "resource_group_name": "mcp-app-dev-rg",
            "revision_mode": "Single",
            "secret": [
              {
                "identity": "",
                "key_vault_secret_id": "",
                "name": "registry-password",
                "value": "ZQQ2/UoMpTm8YcvgL7MaZyN8yXQSCaYQpPbf+5/0HO+ACRAfTCmZ"
              }
            ],
            "tags": {
              "CreatedBy": "github-copilot",
              "Environment": "dev",
              "Location": "westus",
              "ManagedBy": "terraform",
              "Project": "mcp-app",
              "Purpose": "container-app-poc"
            },
            "template": [
              {
                "azure_queue_scale_rule": [],
                "container": [
                  {
                    "args": null,
                    "command": null,
                    "cpu": 0.25,
                    "env": [
                      {
                        "name": "ADO_PAT_TOKEN",
                        "secret_name": "",
                        "value": "BnvV3UnQXaHGrurvlbXAImSAwMa9TmDuGN1G25MKgmfOxR7q4EdDJQQJ99BJACAAAAAJ0deGAAASAZDO1aU0"
                      }
                    ],
                    "ephemeral_storage": "1Gi",
                    "image": "mcpappdevacr.azurecr.io/mcp-app-dev-app:0.0.1",
                    "liveness_probe": [],
                    "memory": "0.5Gi",
                    "name": "main",
                    "readiness_probe": [],
                    "startup_probe": [],
                    "volume_mounts": []
                  }
                ],
                "custom_scale_rule": [],
                "http_scale_rule": [],
                "init_container": [],
                "max_replicas": 10,
                "min_replicas": 1,
                "revision_suffix": "",
                "tcp_scale_rule": [],
                "termination_grace_period_seconds": 0,
                "volume": []
              }
            ],
            "timeouts": null,
            "workload_profile_name": ""
          },
          "sensitive_attributes": [
            [
              {
                "type": "get_attr",
                "value": "custom_domain_verification_id"
              }
            ],
            [
              {
                "type": "get_attr",
                "value": "registry"
              },
              {
                "type": "index",
                "value": {
                  "value": 0,
                  "type": "number"
                }
              },
              {
                "type": "get_attr",
                "value": "identity"
              }
            ],
            [
              {
                "type": "get_attr",
                "value": "registry"
              },
              {
                "type": "index",
                "value": {
                  "value": 0,
                  "type": "number"
                }
              },
              {
                "type": "get_attr",
                "value": "password_secret_name"
              }
            ],
            [
              {
                "type": "get_attr",
                "value": "registry"
              },
              {
                "type": "index",
                "value": {
                  "value": 0,
                  "type": "number"
                }
              },
              {
                "type": "get_attr",
                "value": "username"
              }
            ],
            [
              {
                "type": "get_attr",
                "value": "secret"
              }
            ]
          ],
          "identity_schema_version": 0,
          "private": "eyJlMmJmYjczMC1lY2FhLTExZTYtOGY4OC0zNDM2M2JjN2M0YzAiOnsiY3JlYXRlIjoxODAwMDAwMDAwMDAwLCJkZWxldGUiOjE4MDAwMDAwMDAwMDAsInJlYWQiOjMwMDAwMDAwMDAwMCwidXBkYXRlIjoxODAwMDAwMDAwMDAwfX0=",
          "dependencies": [
            "module.container_app_environment.azurerm_container_app_environment.this",
            "module.container_app_instance.null_resource.build_and_push_image",
            "module.container_registry.azurerm_container_registry.this",
            "module.log_analytics_workspace.azurerm_log_analytics_workspace.this",
            "module.resource_group.azurerm_resource_group.this"
          ]
        }
      ]
    },
    {
      "module": "module.container_app_instance",
      "mode": "managed",
      "type": "null_resource",
      "name": "build_and_push_image",
      "provider": "provider[\"registry.terraform.io/hashicorp/null\"]",
      "instances": [
        {
          "schema_version": 0,
          "attributes": {
            "id": "1505921157594098001",
            "triggers": {
              "image_tag": "0.0.1",
              "source_file": "f6d1d2f4c44fa743de461ce0621bd19e"
            }
          },
          "sensitive_attributes": [],
          "identity_schema_version": 0,
          "dependencies": [
            "module.container_app_environment.azurerm_container_app_environment.this",
            "module.container_registry.azurerm_container_registry.this",
            "module.log_analytics_workspace.azurerm_log_analytics_workspace.this",
            "module.resource_group.azurerm_resource_group.this"
          ]
        }
      ]
    },
    {
      "module": "module.container_registry",
      "mode": "managed",
      "type": "azurerm_container_registry",
      "name": "this",
      "provider": "provider[\"registry.terraform.io/hashicorp/azurerm\"]",
      "instances": [
        {
          "schema_version": 2,
          "attributes": {
            "admin_enabled": true,
            "admin_password": "ZQQ2/UoMpTm8YcvgL7MaZyN8yXQSCaYQpPbf+5/0HO+ACRAfTCmZ",
            "admin_username": "mcpappdevacr",
            "anonymous_pull_enabled": false,
            "data_endpoint_enabled": false,
            "data_endpoint_host_names": [],
            "encryption": [],
            "export_policy_enabled": true,
            "georeplications": [],
            "id": "/subscriptions/c7e7612d-69f5-47e2-9ddc-00e5096a1247/resourceGroups/mcp-app-dev-rg/providers/Microsoft.ContainerRegistry/registries/mcpappdevacr",
            "identity": [],
            "location": "westus",
            "login_server": "mcpappdevacr.azurecr.io",
            "name": "mcpappdevacr",
            "network_rule_bypass_option": "AzureServices",
            "network_rule_set": [],
            "public_network_access_enabled": true,
            "quarantine_policy_enabled": false,
            "resource_group_name": "mcp-app-dev-rg",
            "retention_policy_in_days": 0,
            "sku": "Basic",
            "tags": {
              "CreatedBy": "github-copilot",
              "Environment": "dev",
              "Location": "westus",
              "ManagedBy": "terraform",
              "Project": "mcp-app",
              "Purpose": "container-app-poc"
            },
            "timeouts": null,
            "trust_policy_enabled": false,
            "zone_redundancy_enabled": false
          },
          "sensitive_attributes": [
            [
              {
                "type": "get_attr",
                "value": "admin_password"
              }
            ]
          ],
          "identity_schema_version": 0,
          "private": "eyJlMmJmYjczMC1lY2FhLTExZTYtOGY4OC0zNDM2M2JjN2M0YzAiOnsiY3JlYXRlIjoxODAwMDAwMDAwMDAwLCJkZWxldGUiOjE4MDAwMDAwMDAwMDAsInJlYWQiOjMwMDAwMDAwMDAwMCwidXBkYXRlIjoxODAwMDAwMDAwMDAwfSwic2NoZW1hX3ZlcnNpb24iOiIyIn0=",
          "dependencies": [
            "module.resource_group.azurerm_resource_group.this"
          ]
        }
      ]
    },
    {
      "module": "module.log_analytics_workspace",
      "mode": "managed",
      "type": "azurerm_log_analytics_workspace",
      "name": "this",
      "provider": "provider[\"registry.terraform.io/hashicorp/azurerm\"]",
      "instances": [
        {
          "schema_version": 3,
          "attributes": {
            "allow_resource_only_permissions": true,
            "cmk_for_query_forced": false,
            "daily_quota_gb": -1,
            "data_collection_rule_id": "",
            "id": "/subscriptions/c7e7612d-69f5-47e2-9ddc-00e5096a1247/resourceGroups/mcp-app-dev-rg/providers/Microsoft.OperationalInsights/workspaces/mcp-app-dev-law",
            "identity": [],
            "immediate_data_purge_on_30_days_enabled": false,
            "internet_ingestion_enabled": true,
            "internet_query_enabled": true,
            "local_authentication_disabled": false,
            "local_authentication_enabled": true,
            "location": "westus",
            "name": "mcp-app-dev-law",
            "primary_shared_key": "EwOqie5wv7O1V7u6kTlCIc29k56x7/Z/wujPSHGgbU1NDKr/OfwZXT/04AUc4jhi1dFrJa643xqNK2VA+1Of/g==",
            "reservation_capacity_in_gb_per_day": null,
            "resource_group_name": "mcp-app-dev-rg",
            "retention_in_days": 30,
            "secondary_shared_key": "s9Wt0tb3GmWL9VZqQ0X1jfbovXvp8ycU+5fmNWKCC+jYlgF7vOsK+ikPAa7s+DvawwkaD21/fdMbQ2DF7oU84w==",
            "sku": "PerGB2018",
            "tags": {
              "CreatedBy": "github-copilot",
              "Environment": "dev",
              "Location": "westus",
              "ManagedBy": "terraform",
              "Project": "mcp-app",
              "Purpose": "container-app-poc"
            },
            "timeouts": null,
            "workspace_id": "b57917d0-282b-4a03-9e38-7d1e1cbdba21"
          },
          "sensitive_attributes": [
            [
              {
                "type": "get_attr",
                "value": "primary_shared_key"
              }
            ],
            [
              {
                "type": "get_attr",
                "value": "secondary_shared_key"
              }
            ]
          ],
          "identity_schema_version": 0,
          "private": "eyJlMmJmYjczMC1lY2FhLTExZTYtOGY4OC0zNDM2M2JjN2M0YzAiOnsiY3JlYXRlIjoxODAwMDAwMDAwMDAwLCJkZWxldGUiOjE4MDAwMDAwMDAwMDAsInJlYWQiOjMwMDAwMDAwMDAwMCwidXBkYXRlIjoxODAwMDAwMDAwMDAwfSwic2NoZW1hX3ZlcnNpb24iOiIzIn0=",
          "dependencies": [
            "module.resource_group.azurerm_resource_group.this"
          ]
        }
      ]
    },
    {
      "module": "module.resource_group",
      "mode": "managed",
      "type": "azurerm_resource_group",
      "name": "this",
      "provider": "provider[\"registry.terraform.io/hashicorp/azurerm\"]",
      "instances": [
        {
          "schema_version": 0,
          "attributes": {
            "id": "/subscriptions/c7e7612d-69f5-47e2-9ddc-00e5096a1247/resourceGroups/mcp-app-dev-rg",
            "location": "westus",
            "managed_by": "",
            "name": "mcp-app-dev-rg",
            "tags": {
              "CreatedBy": "github-copilot",
              "Environment": "dev",
              "Location": "westus",
              "ManagedBy": "terraform",
              "Project": "mcp-app",
              "Purpose": "container-app-poc"
            },
            "timeouts": null
          },
          "sensitive_attributes": [],
          "identity_schema_version": 0,
          "private": "eyJlMmJmYjczMC1lY2FhLTExZTYtOGY4OC0zNDM2M2JjN2M0YzAiOnsiY3JlYXRlIjo1NDAwMDAwMDAwMDAwLCJkZWxldGUiOjU0MDAwMDAwMDAwMDAsInJlYWQiOjMwMDAwMDAwMDAwMCwidXBkYXRlIjo1NDAwMDAwMDAwMDAwfX0="
        }
      ]
    }
  ],
  "check_results": [
    {
      "object_kind": "var",
      "config_addr": "var.container_cpu",
      "status": "pass",
      "objects": [
        {
          "object_addr": "var.container_cpu",
          "status": "pass"
        }
      ]
    },
    {
      "object_kind": "var",
      "config_addr": "var.container_memory",
      "status": "pass",
      "objects": [
        {
          "object_addr": "var.container_memory",
          "status": "pass"
        }
      ]
    },
    {
      "object_kind": "var",
      "config_addr": "var.min_replicas",
      "status": "pass",
      "objects": [
        {
          "object_addr": "var.min_replicas",
          "status": "pass"
        }
      ]
    },
    {
      "object_kind": "var",
      "config_addr": "var.app_port",
      "status": "pass",
      "objects": [
        {
          "object_addr": "var.app_port",
          "status": "pass"
        }
      ]
    },
    {
      "object_kind": "var",
      "config_addr": "var.max_replicas",
      "status": "pass",
      "objects": [
        {
          "object_addr": "var.max_replicas",
          "status": "pass"
        }
      ]
    },
    {
      "object_kind": "var",
      "config_addr": "module.container_app_instance.var.target_port",
      "status": "pass",
      "objects": [
        {
          "object_addr": "module.container_app_instance.var.target_port",
          "status": "pass"
        }
      ]
    },
    {
      "object_kind": "var",
      "config_addr": "module.container_app_instance.var.environment_variables",
      "status": "pass",
      "objects": [
        {
          "object_addr": "module.container_app_instance.var.environment_variables",
          "status": "pass"
        }
      ]
    }
  ]
}
